
Microsoft Visual Studio Solution File, Format Version 12.00
# Visual Studio Version 16
VisualStudioVersion = 16.0.30804.86
MinimumVisualStudioVersion = 10.0.40219.1
Project("{FAE04EC0-301F-11D3-BF4B-00C04F79EFBC}") = "CemsWeb2", "CemsWeb2\CemsWeb2.csproj", "{FBA7DB73-8B47-4D1B-B753-5E3E34B24AA8}"
EndProject
Global
	GlobalSection(SolutionConfigurationPlatforms) = preSolution
		Debug|Any CPU = Debug|Any CPU
		Release|Any CPU = Release|Any CPU
	EndGlobalSection
	GlobalSection(ProjectConfigurationPlatforms) = postSolution
		{FBA7DB73-8B47-4D1B-B753-5E3E34B24AA8}.Debug|Any CPU.ActiveCfg = Debug|Any CPU
		{FBA7DB73-8B47-4D1B-B753-5E3E34B24AA8}.Debug|Any CPU.Build.0 = Debug|Any CPU
		{FBA7DB73-8B47-4D1B-B753-5E3E34B24AA8}.Release|Any CPU.ActiveCfg = Release|Any CPU
		{FBA7DB73-8B47-4D1B-B753-5E3E34B24AA8}.Release|Any CPU.Build.0 = Release|Any CPU
	EndGlobalSection
	GlobalSection(SolutionProperties) = preSolution
		HideSolutionNode = FALSE
	EndGlobalSection
	GlobalSection(ExtensibilityGlobals) = postSolution
		SolutionGuid = {4E0E5487-6263-4D0D-87C9-D2AC30707969}
	EndGlobalSection
EndGlobal
